
Microsoft Visual Studio Solution File, Format Version 12.00
# Visual Studio Version 17
VisualStudioVersion = 17.7.33913.275
MinimumVisualStudioVersion = 10.0.40219.1
Project("{9A19103F-16F7-4668-BE54-9A1E7A4F7556}") = "BulkyBookWeb", "BulkyWeb\BulkyBookWeb.csproj", "{78E77AE9-CE12-4246-88E0-ED75B503344F}"
EndProject
Project("{9A19103F-16F7-4668-BE54-9A1E7A4F7556}") = "BulkyBook.DataAccess", "Bulky.DataAccess\BulkyBook.DataAccess.csproj", "{2AA1E303-B00E-4997-B270-E9F2AA86D1E8}"
EndProject
Project("{9A19103F-16F7-4668-BE54-9A1E7A4F7556}") = "BulkyBook.Models", "Bulky.Models\BulkyBook.Models.csproj", "{2F061E16-2719-43C0-9B39-C0C146819529}"
EndProject
Project("{9A19103F-16F7-4668-BE54-9A1E7A4F7556}") = "BulkyBook.Utility", "Bulky.Utility\BulkyBook.Utility.csproj", "{F89BBE29-4E2E-4655-A23B-E07E5C1107F2}"
EndProject
Global
	GlobalSection(SolutionConfigurationPlatforms) = preSolution
		Debug|Any CPU = Debug|Any CPU
		Release|Any CPU = Release|Any CPU
	EndGlobalSection
	GlobalSection(ProjectConfigurationPlatforms) = postSolution
		{78E77AE9-CE12-4246-88E0-ED75B503344F}.Debug|Any CPU.ActiveCfg = Debug|Any CPU
		{78E77AE9-CE12-4246-88E0-ED75B503344F}.Debug|Any CPU.Build.0 = Debug|Any CPU
		{78E77AE9-CE12-4246-88E0-ED75B503344F}.Release|Any CPU.ActiveCfg = Release|Any CPU
		{78E77AE9-CE12-4246-88E0-ED75B503344F}.Release|Any CPU.Build.0 = Release|Any CPU
		{2AA1E303-B00E-4997-B270-E9F2AA86D1E8}.Debug|Any CPU.ActiveCfg = Debug|Any CPU
		{2AA1E303-B00E-4997-B270-E9F2AA86D1E8}.Debug|Any CPU.Build.0 = Debug|Any CPU
		{2AA1E303-B00E-4997-B270-E9F2AA86D1E8}.Release|Any CPU.ActiveCfg = Release|Any CPU
		{2AA1E303-B00E-4997-B270-E9F2AA86D1E8}.Release|Any CPU.Build.0 = Release|Any CPU
		{2F061E16-2719-43C0-9B39-C0C146819529}.Debug|Any CPU.ActiveCfg = Debug|Any CPU
		{2F061E16-2719-43C0-9B39-C0C146819529}.Debug|Any CPU.Build.0 = Debug|Any CPU
		{2F061E16-2719-43C0-9B39-C0C146819529}.Release|Any CPU.ActiveCfg = Release|Any CPU
		{2F061E16-2719-43C0-9B39-C0C146819529}.Release|Any CPU.Build.0 = Release|Any CPU
		{F89BBE29-4E2E-4655-A23B-E07E5C1107F2}.Debug|Any CPU.ActiveCfg = Debug|Any CPU
		{F89BBE29-4E2E-4655-A23B-E07E5C1107F2}.Debug|Any CPU.Build.0 = Debug|Any CPU
		{F89BBE29-4E2E-4655-A23B-E07E5C1107F2}.Release|Any CPU.ActiveCfg = Release|Any CPU
		{F89BBE29-4E2E-4655-A23B-E07E5C1107F2}.Release|Any CPU.Build.0 = Release|Any CPU
	EndGlobalSection
	GlobalSection(SolutionProperties) = preSolution
		HideSolutionNode = FALSE
	EndGlobalSection
	GlobalSection(ExtensibilityGlobals) = postSolution
		SolutionGuid = {1743A6D6-7AD9-43BE-AF97-9CAF825E5BF4}
	EndGlobalSection
EndGlobal
