
Microsoft Visual Studio Solution File, Format Version 12.00
# Visual Studio Version 17
VisualStudioVersion = 17.7.33913.275
MinimumVisualStudioVersion = 10.0.40219.1
Project("{FAE04EC0-301F-11D3-BF4B-00C04F79EFBC}") = "DI_Service_Lifetime", "DI_Service_Lifetime\DI_Service_Lifetime.csproj", "{52EAA59E-245B-44DB-BF57-8A9277B1312F}"
EndProject
Global
	GlobalSection(SolutionConfigurationPlatforms) = preSolution
		Debug|Any CPU = Debug|Any CPU
		Release|Any CPU = Release|Any CPU
	EndGlobalSection
	GlobalSection(ProjectConfigurationPlatforms) = postSolution
		{52EAA59E-245B-44DB-BF57-8A9277B1312F}.Debug|Any CPU.ActiveCfg = Debug|Any CPU
		{52EAA59E-245B-44DB-BF57-8A9277B1312F}.Debug|Any CPU.Build.0 = Debug|Any CPU
		{52EAA59E-245B-44DB-BF57-8A9277B1312F}.Release|Any CPU.ActiveCfg = Release|Any CPU
		{52EAA59E-245B-44DB-BF57-8A9277B1312F}.Release|Any CPU.Build.0 = Release|Any CPU
	EndGlobalSection
	GlobalSection(SolutionProperties) = preSolution
		HideSolutionNode = FALSE
	EndGlobalSection
	GlobalSection(ExtensibilityGlobals) = postSolution
		SolutionGuid = {B0D537AD-E602-4357-B376-860AEB119239}
	EndGlobalSection
EndGlobal
